
Microsoft Visual Studio Solution File, Format Version 12.00
# Visual Studio Version 16
VisualStudioVersion = 16.0.33130.400
MinimumVisualStudioVersion = 10.0.40219.1
Project("{8BC9CEB8-8B4A-11D0-8D11-00A0C91BC942}") = "Dll", "Dll\Dll.vcxproj", "{A2B3C562-6972-46C3-90B2-F9A7DD63DCE7}"
EndProject
Project("{9A19103F-16F7-4668-BE54-9A1E7A4F7556}") = "ClassLibrary", "ClassLibrary\ClassLibrary.csproj", "{21F3AEB9-27A4-48D9-9BE3-4CDABA4D666D}"
	ProjectSection(ProjectDependencies) = postProject
		{A2B3C562-6972-46C3-90B2-F9A7DD63DCE7} = {A2B3C562-6972-46C3-90B2-F9A7DD63DCE7}
	EndProjectSection
EndProject
Project("{9A19103F-16F7-4668-BE54-9A1E7A4F7556}") = "WpfApp", "WpfApp\WpfApp.csproj", "{F4AA659E-B250-4732-A400-BA70BADD9294}"
	ProjectSection(ProjectDependencies) = postProject
		{A2B3C562-6972-46C3-90B2-F9A7DD63DCE7} = {A2B3C562-6972-46C3-90B2-F9A7DD63DCE7}
		{21F3AEB9-27A4-48D9-9BE3-4CDABA4D666D} = {21F3AEB9-27A4-48D9-9BE3-4CDABA4D666D}
	EndProjectSection
EndProject
Project("{9A19103F-16F7-4668-BE54-9A1E7A4F7556}") = "ViewModel", "ViewModel\ViewModel.csproj", "{538ADE4F-F03E-4469-9C4D-F8290366D925}"
EndProject
Project("{FAE04EC0-301F-11D3-BF4B-00C04F79EFBC}") = "Test_ClassLibrary", "Test_ClassLibrary\Test_ClassLibrary.csproj", "{A18313D7-2718-42D3-A5B5-994F3AA0083F}"
EndProject
Project("{FAE04EC0-301F-11D3-BF4B-00C04F79EFBC}") = "Test_ViewModel", "Test_ViewModel\Test_ViewModel.csproj", "{CA838AD7-CF03-4642-8E46-3DF71D770F54}"
EndProject
Global
	GlobalSection(SolutionConfigurationPlatforms) = preSolution
		Debug|Any CPU = Debug|Any CPU
		Debug|x64 = Debug|x64
		Debug|x86 = Debug|x86
		Release|Any CPU = Release|Any CPU
		Release|x64 = Release|x64
		Release|x86 = Release|x86
	EndGlobalSection
	GlobalSection(ProjectConfigurationPlatforms) = postSolution
		{A2B3C562-6972-46C3-90B2-F9A7DD63DCE7}.Debug|Any CPU.ActiveCfg = Debug|Win32
		{A2B3C562-6972-46C3-90B2-F9A7DD63DCE7}.Debug|x64.ActiveCfg = Debug|x64
		{A2B3C562-6972-46C3-90B2-F9A7DD63DCE7}.Debug|x64.Build.0 = Debug|x64
		{A2B3C562-6972-46C3-90B2-F9A7DD63DCE7}.Debug|x86.ActiveCfg = Debug|x64
		{A2B3C562-6972-46C3-90B2-F9A7DD63DCE7}.Debug|x86.Build.0 = Debug|x64
		{A2B3C562-6972-46C3-90B2-F9A7DD63DCE7}.Release|Any CPU.ActiveCfg = Release|Win32
		{A2B3C562-6972-46C3-90B2-F9A7DD63DCE7}.Release|x64.ActiveCfg = Release|x64
		{A2B3C562-6972-46C3-90B2-F9A7DD63DCE7}.Release|x64.Build.0 = Release|x64
		{A2B3C562-6972-46C3-90B2-F9A7DD63DCE7}.Release|x86.ActiveCfg = Release|Win32
		{A2B3C562-6972-46C3-90B2-F9A7DD63DCE7}.Release|x86.Build.0 = Release|Win32
		{21F3AEB9-27A4-48D9-9BE3-4CDABA4D666D}.Debug|Any CPU.ActiveCfg = Debug|Any CPU
		{21F3AEB9-27A4-48D9-9BE3-4CDABA4D666D}.Debug|Any CPU.Build.0 = Debug|Any CPU
		{21F3AEB9-27A4-48D9-9BE3-4CDABA4D666D}.Debug|x64.ActiveCfg = Debug|Any CPU
		{21F3AEB9-27A4-48D9-9BE3-4CDABA4D666D}.Debug|x64.Build.0 = Debug|Any CPU
		{21F3AEB9-27A4-48D9-9BE3-4CDABA4D666D}.Debug|x86.ActiveCfg = Debug|Any CPU
		{21F3AEB9-27A4-48D9-9BE3-4CDABA4D666D}.Debug|x86.Build.0 = Debug|Any CPU
		{21F3AEB9-27A4-48D9-9BE3-4CDABA4D666D}.Release|Any CPU.ActiveCfg = Release|Any CPU
		{21F3AEB9-27A4-48D9-9BE3-4CDABA4D666D}.Release|Any CPU.Build.0 = Release|Any CPU
		{21F3AEB9-27A4-48D9-9BE3-4CDABA4D666D}.Release|x64.ActiveCfg = Release|Any CPU
		{21F3AEB9-27A4-48D9-9BE3-4CDABA4D666D}.Release|x64.Build.0 = Release|Any CPU
		{21F3AEB9-27A4-48D9-9BE3-4CDABA4D666D}.Release|x86.ActiveCfg = Release|Any CPU
		{21F3AEB9-27A4-48D9-9BE3-4CDABA4D666D}.Release|x86.Build.0 = Release|Any CPU
		{F4AA659E-B250-4732-A400-BA70BADD9294}.Debug|Any CPU.ActiveCfg = Debug|Any CPU
		{F4AA659E-B250-4732-A400-BA70BADD9294}.Debug|Any CPU.Build.0 = Debug|Any CPU
		{F4AA659E-B250-4732-A400-BA70BADD9294}.Debug|x64.ActiveCfg = Debug|Any CPU
		{F4AA659E-B250-4732-A400-BA70BADD9294}.Debug|x64.Build.0 = Debug|Any CPU
		{F4AA659E-B250-4732-A400-BA70BADD9294}.Debug|x86.ActiveCfg = Debug|Any CPU
		{F4AA659E-B250-4732-A400-BA70BADD9294}.Debug|x86.Build.0 = Debug|Any CPU
		{F4AA659E-B250-4732-A400-BA70BADD9294}.Release|Any CPU.ActiveCfg = Release|Any CPU
		{F4AA659E-B250-4732-A400-BA70BADD9294}.Release|Any CPU.Build.0 = Release|Any CPU
		{F4AA659E-B250-4732-A400-BA70BADD9294}.Release|x64.ActiveCfg = Release|Any CPU
		{F4AA659E-B250-4732-A400-BA70BADD9294}.Release|x64.Build.0 = Release|Any CPU
		{F4AA659E-B250-4732-A400-BA70BADD9294}.Release|x86.ActiveCfg = Release|Any CPU
		{F4AA659E-B250-4732-A400-BA70BADD9294}.Release|x86.Build.0 = Release|Any CPU
		{538ADE4F-F03E-4469-9C4D-F8290366D925}.Debug|Any CPU.ActiveCfg = Debug|Any CPU
		{538ADE4F-F03E-4469-9C4D-F8290366D925}.Debug|Any CPU.Build.0 = Debug|Any CPU
		{538ADE4F-F03E-4469-9C4D-F8290366D925}.Debug|x64.ActiveCfg = Debug|Any CPU
		{538ADE4F-F03E-4469-9C4D-F8290366D925}.Debug|x64.Build.0 = Debug|Any CPU
		{538ADE4F-F03E-4469-9C4D-F8290366D925}.Debug|x86.ActiveCfg = Debug|Any CPU
		{538ADE4F-F03E-4469-9C4D-F8290366D925}.Debug|x86.Build.0 = Debug|Any CPU
		{538ADE4F-F03E-4469-9C4D-F8290366D925}.Release|Any CPU.ActiveCfg = Release|Any CPU
		{538ADE4F-F03E-4469-9C4D-F8290366D925}.Release|Any CPU.Build.0 = Release|Any CPU
		{538ADE4F-F03E-4469-9C4D-F8290366D925}.Release|x64.ActiveCfg = Release|Any CPU
		{538ADE4F-F03E-4469-9C4D-F8290366D925}.Release|x64.Build.0 = Release|Any CPU
		{538ADE4F-F03E-4469-9C4D-F8290366D925}.Release|x86.ActiveCfg = Release|Any CPU
		{538ADE4F-F03E-4469-9C4D-F8290366D925}.Release|x86.Build.0 = Release|Any CPU
		{A18313D7-2718-42D3-A5B5-994F3AA0083F}.Debug|Any CPU.ActiveCfg = Debug|Any CPU
		{A18313D7-2718-42D3-A5B5-994F3AA0083F}.Debug|Any CPU.Build.0 = Debug|Any CPU
		{A18313D7-2718-42D3-A5B5-994F3AA0083F}.Debug|x64.ActiveCfg = Debug|Any CPU
		{A18313D7-2718-42D3-A5B5-994F3AA0083F}.Debug|x64.Build.0 = Debug|Any CPU
		{A18313D7-2718-42D3-A5B5-994F3AA0083F}.Debug|x86.ActiveCfg = Debug|Any CPU
		{A18313D7-2718-42D3-A5B5-994F3AA0083F}.Debug|x86.Build.0 = Debug|Any CPU
		{A18313D7-2718-42D3-A5B5-994F3AA0083F}.Release|Any CPU.ActiveCfg = Release|Any CPU
		{A18313D7-2718-42D3-A5B5-994F3AA0083F}.Release|Any CPU.Build.0 = Release|Any CPU
		{A18313D7-2718-42D3-A5B5-994F3AA0083F}.Release|x64.ActiveCfg = Release|Any CPU
		{A18313D7-2718-42D3-A5B5-994F3AA0083F}.Release|x64.Build.0 = Release|Any CPU
		{A18313D7-2718-42D3-A5B5-994F3AA0083F}.Release|x86.ActiveCfg = Release|Any CPU
		{A18313D7-2718-42D3-A5B5-994F3AA0083F}.Release|x86.Build.0 = Release|Any CPU
		{CA838AD7-CF03-4642-8E46-3DF71D770F54}.Debug|Any CPU.ActiveCfg = Debug|Any CPU
		{CA838AD7-CF03-4642-8E46-3DF71D770F54}.Debug|Any CPU.Build.0 = Debug|Any CPU
		{CA838AD7-CF03-4642-8E46-3DF71D770F54}.Debug|x64.ActiveCfg = Debug|Any CPU
		{CA838AD7-CF03-4642-8E46-3DF71D770F54}.Debug|x64.Build.0 = Debug|Any CPU
		{CA838AD7-CF03-4642-8E46-3DF71D770F54}.Debug|x86.ActiveCfg = Debug|Any CPU
		{CA838AD7-CF03-4642-8E46-3DF71D770F54}.Debug|x86.Build.0 = Debug|Any CPU
		{CA838AD7-CF03-4642-8E46-3DF71D770F54}.Release|Any CPU.ActiveCfg = Release|Any CPU
		{CA838AD7-CF03-4642-8E46-3DF71D770F54}.Release|Any CPU.Build.0 = Release|Any CPU
		{CA838AD7-CF03-4642-8E46-3DF71D770F54}.Release|x64.ActiveCfg = Release|Any CPU
		{CA838AD7-CF03-4642-8E46-3DF71D770F54}.Release|x64.Build.0 = Release|Any CPU
		{CA838AD7-CF03-4642-8E46-3DF71D770F54}.Release|x86.ActiveCfg = Release|Any CPU
		{CA838AD7-CF03-4642-8E46-3DF71D770F54}.Release|x86.Build.0 = Release|Any CPU
	EndGlobalSection
	GlobalSection(SolutionProperties) = preSolution
		HideSolutionNode = FALSE
	EndGlobalSection
	GlobalSection(ExtensibilityGlobals) = postSolution
		SolutionGuid = {B45E1C82-6751-4F2A-A059-6D36F9F9A41F}
	EndGlobalSection
EndGlobal
